
Microsoft Visual Studio Solution File, Format Version 11.00
# Visual Studio 2010
Project("{FAE04EC0-301F-11D3-BF4B-00C04F79EFBC}") = "az.receiver.application", "az.receiver.application\az.receiver.application.csproj", "{E30AE994-EA7F-4AF8-9CCF-D45E596D6950}"
EndProject
Project("{2150E333-8FDC-42A3-9474-1A3956D46DE8}") = "Solution Items", "Solution Items", "{7D8E632C-0BD4-445B-8205-770FAC5905DF}"
	ProjectSection(SolutionItems) = preProject
		iron.json = iron.json
		receiver.sh = receiver.sh
		receiver.worker = receiver.worker
	EndProjectSection
EndProject
Global
	GlobalSection(SolutionConfigurationPlatforms) = preSolution
		Debug|Any CPU = Debug|Any CPU
		Debug|x86 = Debug|x86
		Release|Any CPU = Release|Any CPU
		Release|x86 = Release|x86
	EndGlobalSection
	GlobalSection(ProjectConfigurationPlatforms) = postSolution
		{E30AE994-EA7F-4AF8-9CCF-D45E596D6950}.Debug|Any CPU.ActiveCfg = Debug|Any CPU
		{E30AE994-EA7F-4AF8-9CCF-D45E596D6950}.Debug|Any CPU.Build.0 = Debug|Any CPU
		{E30AE994-EA7F-4AF8-9CCF-D45E596D6950}.Debug|x86.ActiveCfg = Debug|Any CPU
		{E30AE994-EA7F-4AF8-9CCF-D45E596D6950}.Debug|x86.Build.0 = Debug|Any CPU
		{E30AE994-EA7F-4AF8-9CCF-D45E596D6950}.Release|Any CPU.ActiveCfg = Release|Any CPU
		{E30AE994-EA7F-4AF8-9CCF-D45E596D6950}.Release|Any CPU.Build.0 = Release|Any CPU
		{E30AE994-EA7F-4AF8-9CCF-D45E596D6950}.Release|x86.ActiveCfg = Release|x86
		{E30AE994-EA7F-4AF8-9CCF-D45E596D6950}.Release|x86.Build.0 = Release|x86
	EndGlobalSection
	GlobalSection(SolutionProperties) = preSolution
		HideSolutionNode = FALSE
	EndGlobalSection
EndGlobal
