
Microsoft Visual Studio Solution File, Format Version 11.00
# Visual Studio 2010
Project("{FAE04EC0-301F-11D3-BF4B-00C04F79EFBC}") = "az.serialization", "az.serialization\az.serialization.csproj", "{568A841F-E257-4527-B23E-CD6F0D2EC521}"
EndProject
Project("{FAE04EC0-301F-11D3-BF4B-00C04F79EFBC}") = "az.serialization.tests", "az.serialization.tests\az.serialization.tests.csproj", "{88275F44-188B-4C3B-AE12-695E91A7E8EF}"
EndProject
Global
	GlobalSection(SolutionConfigurationPlatforms) = preSolution
		Debug|Any CPU = Debug|Any CPU
		Release|Any CPU = Release|Any CPU
	EndGlobalSection
	GlobalSection(ProjectConfigurationPlatforms) = postSolution
		{568A841F-E257-4527-B23E-CD6F0D2EC521}.Debug|Any CPU.ActiveCfg = Debug|Any CPU
		{568A841F-E257-4527-B23E-CD6F0D2EC521}.Debug|Any CPU.Build.0 = Debug|Any CPU
		{568A841F-E257-4527-B23E-CD6F0D2EC521}.Release|Any CPU.ActiveCfg = Release|Any CPU
		{568A841F-E257-4527-B23E-CD6F0D2EC521}.Release|Any CPU.Build.0 = Release|Any CPU
		{88275F44-188B-4C3B-AE12-695E91A7E8EF}.Debug|Any CPU.ActiveCfg = Debug|Any CPU
		{88275F44-188B-4C3B-AE12-695E91A7E8EF}.Debug|Any CPU.Build.0 = Debug|Any CPU
		{88275F44-188B-4C3B-AE12-695E91A7E8EF}.Release|Any CPU.ActiveCfg = Release|Any CPU
		{88275F44-188B-4C3B-AE12-695E91A7E8EF}.Release|Any CPU.Build.0 = Release|Any CPU
	EndGlobalSection
	GlobalSection(SolutionProperties) = preSolution
		HideSolutionNode = FALSE
	EndGlobalSection
EndGlobal
