
Microsoft Visual Studio Solution File, Format Version 11.00
# Visual Studio 2010
Project("{FAE04EC0-301F-11D3-BF4B-00C04F79EFBC}") = "az.tweetstore", "az.tweetstore\az.tweetstore.csproj", "{885BE6FB-A247-4231-87E7-FD57A42895F2}"
EndProject
Project("{FAE04EC0-301F-11D3-BF4B-00C04F79EFBC}") = "az.tweetstore.tests", "az.tweetstore.tests\az.tweetstore.tests.csproj", "{2454A529-8EA7-4D21-B6E6-3E2D4A2C909C}"
EndProject
Global
	GlobalSection(SolutionConfigurationPlatforms) = preSolution
		Debug|Any CPU = Debug|Any CPU
		Release|Any CPU = Release|Any CPU
	EndGlobalSection
	GlobalSection(ProjectConfigurationPlatforms) = postSolution
		{885BE6FB-A247-4231-87E7-FD57A42895F2}.Debug|Any CPU.ActiveCfg = Debug|Any CPU
		{885BE6FB-A247-4231-87E7-FD57A42895F2}.Debug|Any CPU.Build.0 = Debug|Any CPU
		{885BE6FB-A247-4231-87E7-FD57A42895F2}.Release|Any CPU.ActiveCfg = Release|Any CPU
		{885BE6FB-A247-4231-87E7-FD57A42895F2}.Release|Any CPU.Build.0 = Release|Any CPU
		{2454A529-8EA7-4D21-B6E6-3E2D4A2C909C}.Debug|Any CPU.ActiveCfg = Debug|Any CPU
		{2454A529-8EA7-4D21-B6E6-3E2D4A2C909C}.Debug|Any CPU.Build.0 = Debug|Any CPU
		{2454A529-8EA7-4D21-B6E6-3E2D4A2C909C}.Release|Any CPU.ActiveCfg = Release|Any CPU
		{2454A529-8EA7-4D21-B6E6-3E2D4A2C909C}.Release|Any CPU.Build.0 = Release|Any CPU
	EndGlobalSection
	GlobalSection(SolutionProperties) = preSolution
		HideSolutionNode = FALSE
	EndGlobalSection
EndGlobal
