
Microsoft Visual Studio Solution File, Format Version 11.00
# Visual Studio 2010
Project("{FAE04EC0-301F-11D3-BF4B-00C04F79EFBC}") = "az.sqsapi", "az.sqsapi\az.sqsapi.csproj", "{42F5F227-BA6A-4000-A8CD-F0E7049353D9}"
EndProject
Project("{FAE04EC0-301F-11D3-BF4B-00C04F79EFBC}") = "az.sqsapi.tests", "az.sqsapi.tests\az.sqsapi.tests.csproj", "{3811041D-F98F-4305-A123-9BD318C6950B}"
EndProject
Global
	GlobalSection(SolutionConfigurationPlatforms) = preSolution
		Debug|Any CPU = Debug|Any CPU
		Release|Any CPU = Release|Any CPU
	EndGlobalSection
	GlobalSection(ProjectConfigurationPlatforms) = postSolution
		{42F5F227-BA6A-4000-A8CD-F0E7049353D9}.Debug|Any CPU.ActiveCfg = Debug|Any CPU
		{42F5F227-BA6A-4000-A8CD-F0E7049353D9}.Debug|Any CPU.Build.0 = Debug|Any CPU
		{42F5F227-BA6A-4000-A8CD-F0E7049353D9}.Release|Any CPU.ActiveCfg = Release|Any CPU
		{42F5F227-BA6A-4000-A8CD-F0E7049353D9}.Release|Any CPU.Build.0 = Release|Any CPU
		{3811041D-F98F-4305-A123-9BD318C6950B}.Debug|Any CPU.ActiveCfg = Debug|Any CPU
		{3811041D-F98F-4305-A123-9BD318C6950B}.Debug|Any CPU.Build.0 = Debug|Any CPU
		{3811041D-F98F-4305-A123-9BD318C6950B}.Release|Any CPU.ActiveCfg = Release|Any CPU
		{3811041D-F98F-4305-A123-9BD318C6950B}.Release|Any CPU.Build.0 = Release|Any CPU
	EndGlobalSection
	GlobalSection(SolutionProperties) = preSolution
		HideSolutionNode = FALSE
	EndGlobalSection
EndGlobal
