
Microsoft Visual Studio Solution File, Format Version 11.00
# Visual Studio 2010
Project("{FAE04EC0-301F-11D3-BF4B-00C04F79EFBC}") = "WorkflowWithBrowser", "WorkflowWithBrowser\WorkflowWithBrowser.csproj", "{4CE9CFF4-5C5F-405D-8874-1B7F66A2C0BC}"
EndProject
Global
	GlobalSection(SolutionConfigurationPlatforms) = preSolution
		Debug|x86 = Debug|x86
		Release|x86 = Release|x86
	EndGlobalSection
	GlobalSection(ProjectConfigurationPlatforms) = postSolution
		{4CE9CFF4-5C5F-405D-8874-1B7F66A2C0BC}.Debug|x86.ActiveCfg = Debug|x86
		{4CE9CFF4-5C5F-405D-8874-1B7F66A2C0BC}.Debug|x86.Build.0 = Debug|x86
		{4CE9CFF4-5C5F-405D-8874-1B7F66A2C0BC}.Release|x86.ActiveCfg = Release|x86
		{4CE9CFF4-5C5F-405D-8874-1B7F66A2C0BC}.Release|x86.Build.0 = Release|x86
	EndGlobalSection
	GlobalSection(SolutionProperties) = preSolution
		HideSolutionNode = FALSE
	EndGlobalSection
EndGlobal
